
Microsoft Visual Studio Solution File, Format Version 12.00
# Visual Studio Version 16
VisualStudioVersion = 16.0.31729.503
MinimumVisualStudioVersion = 10.0.40219.1
Project("{FAE04EC0-301F-11D3-BF4B-00C04F79EFBC}") = "IvonneManagement", "IvonneManagement\IvonneManagement.csproj", "{22B66B42-D1E8-4A79-B58B-2F41F5EAC17F}"
EndProject
Global
	GlobalSection(SolutionConfigurationPlatforms) = preSolution
		Debug|Any CPU = Debug|Any CPU
		Release|Any CPU = Release|Any CPU
	EndGlobalSection
	GlobalSection(ProjectConfigurationPlatforms) = postSolution
		{22B66B42-D1E8-4A79-B58B-2F41F5EAC17F}.Debug|Any CPU.ActiveCfg = Debug|Any CPU
		{22B66B42-D1E8-4A79-B58B-2F41F5EAC17F}.Debug|Any CPU.Build.0 = Debug|Any CPU
		{22B66B42-D1E8-4A79-B58B-2F41F5EAC17F}.Release|Any CPU.ActiveCfg = Release|Any CPU
		{22B66B42-D1E8-4A79-B58B-2F41F5EAC17F}.Release|Any CPU.Build.0 = Release|Any CPU
	EndGlobalSection
	GlobalSection(SolutionProperties) = preSolution
		HideSolutionNode = FALSE
	EndGlobalSection
	GlobalSection(ExtensibilityGlobals) = postSolution
		SolutionGuid = {5E05AA47-6DA2-4DC6-B464-B20A647CB742}
	EndGlobalSection
EndGlobal
